# This file is automatically @generated by Cargo.
# It is not intended for manual editing.
version = 4

[[package]]
name = "aura"
version = "0.1.0"

[[package]]
name = "aura-cli"
version = "0.1.0"

[[package]]
name = "aura-core"
version = "0.1.0"

[[package]]
name = "aura-node-lib"
version = "0.1.0"

[[package]]
name = "aura-wallet-lib"
version = "0.1.0"
